// !$*UTF8*$!
{
	archiveVersion = 1;
	classes = {
	};
	objectVersion = 56;
	objects = {

/* Begin PBXBuildFile section */
		169168462B7A9B6B000E780F /* AppDelegate.swift in Sources */ = {isa = PBXBuildFile; fileRef = 169168452B7A9B6B000E780F /* AppDelegate.swift */; };
		169168482B7A9B6B000E780F /* SceneDelegate.swift in Sources */ = {isa = PBXBuildFile; fileRef = 169168472B7A9B6B000E780F /* SceneDelegate.swift */; };
		1691684D2B7A9B6B000E780F /* Main.storyboard in Resources */ = {isa = PBXBuildFile; fileRef = 1691684B2B7A9B6B000E780F /* Main.storyboard */; };
		1691684F2B7A9B6D000E780F /* Assets.xcassets in Resources */ = {isa = PBXBuildFile; fileRef = 1691684E2B7A9B6D000E780F /* Assets.xcassets */; };
		169168522B7A9B6D000E780F /* LaunchScreen.storyboard in Resources */ = {isa = PBXBuildFile; fileRef = 169168502B7A9B6D000E780F /* LaunchScreen.storyboard */; };
		1691685B2B7A9C85000E780F /* SDWebImage in Frameworks */ = {isa = PBXBuildFile; productRef = 1691685A2B7A9C85000E780F /* SDWebImage */; };
		1691685D2B7A9C85000E780F /* SDWebImageMapKit in Frameworks */ = {isa = PBXBuildFile; productRef = 1691685C2B7A9C85000E780F /* SDWebImageMapKit */; };
		1691685F2B7B6A9D000E780F /* APIManager.swift in Sources */ = {isa = PBXBuildFile; fileRef = 1691685E2B7B6A9D000E780F /* APIManager.swift */; };
		169168612B851A8F000E780F /* PostListViewController.swift in Sources */ = {isa = PBXBuildFile; fileRef = 169168602B851A8F000E780F /* PostListViewController.swift */; };
		1691686B2B85532B000E780F /* PostTableViewCell.swift in Sources */ = {isa = PBXBuildFile; fileRef = 1691686A2B85532B000E780F /* PostTableViewCell.swift */; };
		169168912B8D8121000E780F /* PostView.xib in Resources */ = {isa = PBXBuildFile; fileRef = 169168902B8D8121000E780F /* PostView.xib */; };
		169168952B8E390D000E780F /* PostView.swift in Sources */ = {isa = PBXBuildFile; fileRef = 169168942B8E390D000E780F /* PostView.swift */; };
		169168972B8E51A1000E780F /* PostDetailsViewController.swift in Sources */ = {isa = PBXBuildFile; fileRef = 169168962B8E51A1000E780F /* PostDetailsViewController.swift */; };
/* End PBXBuildFile section */

/* Begin PBXFileReference section */
		169168422B7A9B6B000E780F /* MyRedditApp.app */ = {isa = PBXFileReference; explicitFileType = wrapper.application; includeInIndex = 0; path = MyRedditApp.app; sourceTree = BUILT_PRODUCTS_DIR; };
		169168452B7A9B6B000E780F /* AppDelegate.swift */ = {isa = PBXFileReference; lastKnownFileType = sourcecode.swift; path = AppDelegate.swift; sourceTree = "<group>"; };
		169168472B7A9B6B000E780F /* SceneDelegate.swift */ = {isa = PBXFileReference; lastKnownFileType = sourcecode.swift; path = SceneDelegate.swift; sourceTree = "<group>"; };
		1691684C2B7A9B6B000E780F /* Base */ = {isa = PBXFileReference; lastKnownFileType = file.storyboard; name = Base; path = Base.lproj/Main.storyboard; sourceTree = "<group>"; };
		1691684E2B7A9B6D000E780F /* Assets.xcassets */ = {isa = PBXFileReference; lastKnownFileType = folder.assetcatalog; path = Assets.xcassets; sourceTree = "<group>"; };
		169168512B7A9B6D000E780F /* Base */ = {isa = PBXFileReference; lastKnownFileType = file.storyboard; name = Base; path = Base.lproj/LaunchScreen.storyboard; sourceTree = "<group>"; };
		169168532B7A9B6D000E780F /* Info.plist */ = {isa = PBXFileReference; lastKnownFileType = text.plist.xml; path = Info.plist; sourceTree = "<group>"; };
		1691685E2B7B6A9D000E780F /* APIManager.swift */ = {isa = PBXFileReference; lastKnownFileType = sourcecode.swift; path = APIManager.swift; sourceTree = "<group>"; };
		169168602B851A8F000E780F /* PostListViewController.swift */ = {isa = PBXFileReference; lastKnownFileType = sourcecode.swift; path = PostListViewController.swift; sourceTree = "<group>"; };
		1691686A2B85532B000E780F /* PostTableViewCell.swift */ = {isa = PBXFileReference; lastKnownFileType = sourcecode.swift; path = PostTableViewCell.swift; sourceTree = "<group>"; };
		169168902B8D8121000E780F /* PostView.xib */ = {isa = PBXFileReference; lastKnownFileType = file.xib; path = PostView.xib; sourceTree = "<group>"; };
		169168942B8E390D000E780F /* PostView.swift */ = {isa = PBXFileReference; lastKnownFileType = sourcecode.swift; path = PostView.swift; sourceTree = "<group>"; };
		169168962B8E51A1000E780F /* PostDetailsViewController.swift */ = {isa = PBXFileReference; lastKnownFileType = sourcecode.swift; path = PostDetailsViewController.swift; sourceTree = "<group>"; };
/* End PBXFileReference section */

/* Begin PBXFrameworksBuildPhase section */
		1691683F2B7A9B6B000E780F /* Frameworks */ = {
			isa = PBXFrameworksBuildPhase;
			buildActionMask = 2147483647;
			files = (
				1691685D2B7A9C85000E780F /* SDWebImageMapKit in Frameworks */,
				1691685B2B7A9C85000E780F /* SDWebImage in Frameworks */,
			);
			runOnlyForDeploymentPostprocessing = 0;
		};
/* End PBXFrameworksBuildPhase section */

/* Begin PBXGroup section */
		169168392B7A9B6B000E780F = {
			isa = PBXGroup;
			children = (
				169168442B7A9B6B000E780F /* MyRedditApp */,
				169168432B7A9B6B000E780F /* Products */,
			);
			sourceTree = "<group>";
		};
		169168432B7A9B6B000E780F /* Products */ = {
			isa = PBXGroup;
			children = (
				169168422B7A9B6B000E780F /* MyRedditApp.app */,
			);
			name = Products;
			sourceTree = "<group>";
		};
		169168442B7A9B6B000E780F /* MyRedditApp */ = {
			isa = PBXGroup;
			children = (
				169168452B7A9B6B000E780F /* AppDelegate.swift */,
				169168472B7A9B6B000E780F /* SceneDelegate.swift */,
				169168902B8D8121000E780F /* PostView.xib */,
				169168942B8E390D000E780F /* PostView.swift */,
				1691684B2B7A9B6B000E780F /* Main.storyboard */,
				1691686A2B85532B000E780F /* PostTableViewCell.swift */,
				1691684E2B7A9B6D000E780F /* Assets.xcassets */,
				169168502B7A9B6D000E780F /* LaunchScreen.storyboard */,
				169168532B7A9B6D000E780F /* Info.plist */,
				1691685E2B7B6A9D000E780F /* APIManager.swift */,
				169168602B851A8F000E780F /* PostListViewController.swift */,
				169168962B8E51A1000E780F /* PostDetailsViewController.swift */,
			);
			path = MyRedditApp;
			sourceTree = "<group>";
		};
/* End PBXGroup section */

/* Begin PBXNativeTarget section */
		169168412B7A9B6B000E780F /* MyRedditApp */ = {
			isa = PBXNativeTarget;
			buildConfigurationList = 169168562B7A9B6D000E780F /* Build configuration list for PBXNativeTarget "MyRedditApp" */;
			buildPhases = (
				1691683E2B7A9B6B000E780F /* Sources */,
				1691683F2B7A9B6B000E780F /* Frameworks */,
				169168402B7A9B6B000E780F /* Resources */,
			);
			buildRules = (
			);
			dependencies = (
			);
			name = MyRedditApp;
			packageProductDependencies = (
				1691685A2B7A9C85000E780F /* SDWebImage */,
				1691685C2B7A9C85000E780F /* SDWebImageMapKit */,
			);
			productName = MyRedditApp;
			productReference = 169168422B7A9B6B000E780F /* MyRedditApp.app */;
			productType = "com.apple.product-type.application";
		};
/* End PBXNativeTarget section */

/* Begin PBXProject section */
		1691683A2B7A9B6B000E780F /* Project object */ = {
			isa = PBXProject;
			attributes = {
				BuildIndependentTargetsInParallel = 1;
				LastSwiftUpdateCheck = 1520;
				LastUpgradeCheck = 1520;
				TargetAttributes = {
					169168412B7A9B6B000E780F = {
						CreatedOnToolsVersion = 15.2;
					};
				};
			};
			buildConfigurationList = 1691683D2B7A9B6B000E780F /* Build configuration list for PBXProject "MyRedditApp" */;
			compatibilityVersion = "Xcode 14.0";
			developmentRegion = en;
			hasScannedForEncodings = 0;
			knownRegions = (
				en,
				Base,
			);
			mainGroup = 169168392B7A9B6B000E780F;
			packageReferences = (
				169168592B7A9C85000E780F /* XCRemoteSwiftPackageReference "SDWebImage" */,
			);
			productRefGroup = 169168432B7A9B6B000E780F /* Products */;
			projectDirPath = "";
			projectRoot = "";
			targets = (
				169168412B7A9B6B000E780F /* MyRedditApp */,
			);
		};
/* End PBXProject section */

/* Begin PBXResourcesBuildPhase section */
		169168402B7A9B6B000E780F /* Resources */ = {
			isa = PBXResourcesBuildPhase;
			buildActionMask = 2147483647;
			files = (
				169168522B7A9B6D000E780F /* LaunchScreen.storyboard in Resources */,
				1691684F2B7A9B6D000E780F /* Assets.xcassets in Resources */,
				169168912B8D8121000E780F /* PostView.xib in Resources */,
				1691684D2B7A9B6B000E780F /* Main.storyboard in Resources */,
			);
			runOnlyForDeploymentPostprocessing = 0;
		};
/* End PBXResourcesBuildPhase section */

/* Begin PBXSourcesBuildPhase section */
		1691683E2B7A9B6B000E780F /* Sources */ = {
			isa = PBXSourcesBuildPhase;
			buildActionMask = 2147483647;
			files = (
				1691685F2B7B6A9D000E780F /* APIManager.swift in Sources */,
				169168612B851A8F000E780F /* PostListViewController.swift in Sources */,
				169168972B8E51A1000E780F /* PostDetailsViewController.swift in Sources */,
				169168462B7A9B6B000E780F /* AppDelegate.swift in Sources */,
				169168482B7A9B6B000E780F /* SceneDelegate.swift in Sources */,
				169168952B8E390D000E780F /* PostView.swift in Sources */,
				1691686B2B85532B000E780F /* PostTableViewCell.swift in Sources */,
			);
			runOnlyForDeploymentPostprocessing = 0;
		};
/* End PBXSourcesBuildPhase section */

/* Begin PBXVariantGroup section */
		1691684B2B7A9B6B000E780F /* Main.storyboard */ = {
			isa = PBXVariantGroup;
			children = (
				1691684C2B7A9B6B000E780F /* Base */,
			);
			name = Main.storyboard;
			sourceTree = "<group>";
		};
		169168502B7A9B6D000E780F /* LaunchScreen.storyboard */ = {
			isa = PBXVariantGroup;
			children = (
				169168512B7A9B6D000E780F /* Base */,
			);
			name = LaunchScreen.storyboard;
			sourceTree = "<group>";
		};
/* End PBXVariantGroup section */

/* Begin XCBuildConfiguration section */
		169168542B7A9B6D000E780F /* Debug */ = {
			isa = XCBuildConfiguration;
			buildSettings = {
				ALWAYS_SEARCH_USER_PATHS = NO;
				ASSETCATALOG_COMPILER_GENERATE_SWIFT_ASSET_SYMBOL_EXTENSIONS = YES;
				CLANG_ANALYZER_NONNULL = YES;
				CLANG_ANALYZER_NUMBER_OBJECT_CONVERSION = YES_AGGRESSIVE;
				CLANG_CXX_LANGUAGE_STANDARD = "gnu++20";
				CLANG_ENABLE_MODULES = YES;
				CLANG_ENABLE_OBJC_ARC = YES;
				CLANG_ENABLE_OBJC_WEAK = YES;
				CLANG_WARN_BLOCK_CAPTURE_AUTORELEASING = YES;
				CLANG_WARN_BOOL_CONVERSION = YES;
				CLANG_WARN_COMMA = YES;
				CLANG_WARN_CONSTANT_CONVERSION = YES;
				CLANG_WARN_DEPRECATED_OBJC_IMPLEMENTATIONS = YES;
				CLANG_WARN_DIRECT_OBJC_ISA_USAGE = YES_ERROR;
				CLANG_WARN_DOCUMENTATION_COMMENTS = YES;
				CLANG_WARN_EMPTY_BODY = YES;
				CLANG_WARN_ENUM_CONVERSION = YES;
				CLANG_WARN_INFINITE_RECURSION = YES;
				CLANG_WARN_INT_CONVERSION = YES;
				CLANG_WARN_NON_LITERAL_NULL_CONVERSION = YES;
				CLANG_WARN_OBJC_IMPLICIT_RETAIN_SELF = YES;
				CLANG_WARN_OBJC_LITERAL_CONVERSION = YES;
				CLANG_WARN_OBJC_ROOT_CLASS = YES_ERROR;
				CLANG_WARN_QUOTED_INCLUDE_IN_FRAMEWORK_HEADER = YES;
				CLANG_WARN_RANGE_LOOP_ANALYSIS = YES;
				CLANG_WARN_STRICT_PROTOTYPES = YES;
				CLANG_WARN_SUSPICIOUS_MOVE = YES;
				CLANG_WARN_UNGUARDED_AVAILABILITY = YES_AGGRESSIVE;
				CLANG_WARN_UNREACHABLE_CODE = YES;
				CLANG_WARN__DUPLICATE_METHOD_MATCH = YES;
				COPY_PHASE_STRIP = NO;
				DEBUG_INFORMATION_FORMAT = dwarf;
				ENABLE_STRICT_OBJC_MSGSEND = YES;
				ENABLE_TESTABILITY = YES;
				ENABLE_USER_SCRIPT_SANDBOXING = YES;
				GCC_C_LANGUAGE_STANDARD = gnu17;
				GCC_DYNAMIC_NO_PIC = NO;
				GCC_NO_COMMON_BLOCKS = YES;
				GCC_OPTIMIZATION_LEVEL = 0;
				GCC_PREPROCESSOR_DEFINITIONS = (
					"DEBUG=1",
					"$(inherited)",
				);
				GCC_WARN_64_TO_32_BIT_CONVERSION = YES;
				GCC_WARN_ABOUT_RETURN_TYPE = YES_ERROR;
				GCC_WARN_UNDECLARED_SELECTOR = YES;
				GCC_WARN_UNINITIALIZED_AUTOS = YES_AGGRESSIVE;
				GCC_WARN_UNUSED_FUNCTION = YES;
				GCC_WARN_UNUSED_VARIABLE = YES;
				IPHONEOS_DEPLOYMENT_TARGET = 17.2;
				LOCALIZATION_PREFERS_STRING_CATALOGS = YES;
				MTL_ENABLE_DEBUG_INFO = INCLUDE_SOURCE;
				MTL_FAST_MATH = YES;
				ONLY_ACTIVE_ARCH = YES;
				SDKROOT = iphoneos;
				SWIFT_ACTIVE_COMPILATION_CONDITIONS = "DEBUG $(inherited)";
				SWIFT_OPTIMIZATION_LEVEL = "-Onone";
			};
			name = Debug;
		};
		169168552B7A9B6D000E780F /* Release */ = {
			isa = XCBuildConfiguration;
			buildSettings = {
				ALWAYS_SEARCH_USER_PATHS = NO;
				ASSETCATALOG_COMPILER_GENERATE_SWIFT_ASSET_SYMBOL_EXTENSIONS = YES;
				CLANG_ANALYZER_NONNULL = YES;
				CLANG_ANALYZER_NUMBER_OBJECT_CONVERSION = YES_AGGRESSIVE;
				CLANG_CXX_LANGUAGE_STANDARD = "gnu++20";
				CLANG_ENABLE_MODULES = YES;
				CLANG_ENABLE_OBJC_ARC = YES;
				CLANG_ENABLE_OBJC_WEAK = YES;
				CLANG_WARN_BLOCK_CAPTURE_AUTORELEASING = YES;
				CLANG_WARN_BOOL_CONVERSION = YES;
				CLANG_WARN_COMMA = YES;
				CLANG_WARN_CONSTANT_CONVERSION = YES;
				CLANG_WARN_DEPRECATED_OBJC_IMPLEMENTATIONS = YES;
				CLANG_WARN_DIRECT_OBJC_ISA_USAGE = YES_ERROR;
				CLANG_WARN_DOCUMENTATION_COMMENTS = YES;
				CLANG_WARN_EMPTY_BODY = YES;
				CLANG_WARN_ENUM_CONVERSION = YES;
				CLANG_WARN_INFINITE_RECURSION = YES;
				CLANG_WARN_INT_CONVERSION = YES;
				CLANG_WARN_NON_LITERAL_NULL_CONVERSION = YES;
				CLANG_WARN_OBJC_IMPLICIT_RETAIN_SELF = YES;
				CLANG_WARN_OBJC_LITERAL_CONVERSION = YES;
				CLANG_WARN_OBJC_ROOT_CLASS = YES_ERROR;
				CLANG_WARN_QUOTED_INCLUDE_IN_FRAMEWORK_HEADER = YES;
				CLANG_WARN_RANGE_LOOP_ANALYSIS = YES;
				CLANG_WARN_STRICT_PROTOTYPES = YES;
				CLANG_WARN_SUSPICIOUS_MOVE = YES;
				CLANG_WARN_UNGUARDED_AVAILABILITY = YES_AGGRESSIVE;
				CLANG_WARN_UNREACHABLE_CODE = YES;
				CLANG_WARN__DUPLICATE_METHOD_MATCH = YES;
				COPY_PHASE_STRIP = NO;
				DEBUG_INFORMATION_FORMAT = "dwarf-with-dsym";
				ENABLE_NS_ASSERTIONS = NO;
				ENABLE_STRICT_OBJC_MSGSEND = YES;
				ENABLE_USER_SCRIPT_SANDBOXING = YES;
				GCC_C_LANGUAGE_STANDARD = gnu17;
				GCC_NO_COMMON_BLOCKS = YES;
				GCC_WARN_64_TO_32_BIT_CONVERSION = YES;
				GCC_WARN_ABOUT_RETURN_TYPE = YES_ERROR;
				GCC_WARN_UNDECLARED_SELECTOR = YES;
				GCC_WARN_UNINITIALIZED_AUTOS = YES_AGGRESSIVE;
				GCC_WARN_UNUSED_FUNCTION = YES;
				GCC_WARN_UNUSED_VARIABLE = YES;
				IPHONEOS_DEPLOYMENT_TARGET = 17.2;
				LOCALIZATION_PREFERS_STRING_CATALOGS = YES;
				MTL_ENABLE_DEBUG_INFO = NO;
				MTL_FAST_MATH = YES;
				SDKROOT = iphoneos;
				SWIFT_COMPILATION_MODE = wholemodule;
				VALIDATE_PRODUCT = YES;
			};
			name = Release;
		};
		169168572B7A9B6D000E780F /* Debug */ = {
			isa = XCBuildConfiguration;
			buildSettings = {
				ASSETCATALOG_COMPILER_APPICON_NAME = AppIcon;
				ASSETCATALOG_COMPILER_GLOBAL_ACCENT_COLOR_NAME = AccentColor;
				CODE_SIGN_STYLE = Automatic;
				CURRENT_PROJECT_VERSION = 1;
				DEVELOPMENT_TEAM = VNU8KKW4GG;
				GENERATE_INFOPLIST_FILE = YES;
				INFOPLIST_FILE = MyRedditApp/Info.plist;
				INFOPLIST_KEY_UIApplicationSupportsIndirectInputEvents = YES;
				INFOPLIST_KEY_UILaunchStoryboardName = LaunchScreen;
				INFOPLIST_KEY_UIMainStoryboardFile = Main;
				INFOPLIST_KEY_UISupportedInterfaceOrientations_iPad = "UIInterfaceOrientationPortrait UIInterfaceOrientationPortraitUpsideDown UIInterfaceOrientationLandscapeLeft UIInterfaceOrientationLandscapeRight";
				INFOPLIST_KEY_UISupportedInterfaceOrientations_iPhone = "UIInterfaceOrientationPortrait UIInterfaceOrientationLandscapeLeft UIInterfaceOrientationLandscapeRight";
				LD_RUNPATH_SEARCH_PATHS = (
					"$(inherited)",
					"@executable_path/Frameworks",
				);
				MARKETING_VERSION = 1.0;
				PRODUCT_BUNDLE_IDENTIFIER = ua.edu.ukma.nazar.MyRedditApp;
				PRODUCT_NAME = "$(TARGET_NAME)";
				SUPPORTED_PLATFORMS = "iphoneos iphonesimulator";
				SUPPORTS_MACCATALYST = NO;
				SUPPORTS_MAC_DESIGNED_FOR_IPHONE_IPAD = NO;
				SUPPORTS_XR_DESIGNED_FOR_IPHONE_IPAD = NO;
				SWIFT_EMIT_LOC_STRINGS = YES;
				SWIFT_VERSION = 5.0;
				TARGETED_DEVICE_FAMILY = 1;
			};
			name = Debug;
		};
		169168582B7A9B6D000E780F /* Release */ = {
			isa = XCBuildConfiguration;
			buildSettings = {
				ASSETCATALOG_COMPILER_APPICON_NAME = AppIcon;
				ASSETCATALOG_COMPILER_GLOBAL_ACCENT_COLOR_NAME = AccentColor;
				CODE_SIGN_STYLE = Automatic;
				CURRENT_PROJECT_VERSION = 1;
				DEVELOPMENT_TEAM = VNU8KKW4GG;
				GENERATE_INFOPLIST_FILE = YES;
				INFOPLIST_FILE = MyRedditApp/Info.plist;
				INFOPLIST_KEY_UIApplicationSupportsIndirectInputEvents = YES;
				INFOPLIST_KEY_UILaunchStoryboardName = LaunchScreen;
				INFOPLIST_KEY_UIMainStoryboardFile = Main;
				INFOPLIST_KEY_UISupportedInterfaceOrientations_iPad = "UIInterfaceOrientationPortrait UIInterfaceOrientationPortraitUpsideDown UIInterfaceOrientationLandscapeLeft UIInterfaceOrientationLandscapeRight";
				INFOPLIST_KEY_UISupportedInterfaceOrientations_iPhone = "UIInterfaceOrientationPortrait UIInterfaceOrientationLandscapeLeft UIInterfaceOrientationLandscapeRight";
				LD_RUNPATH_SEARCH_PATHS = (
					"$(inherited)",
					"@executable_path/Frameworks",
				);
				MARKETING_VERSION = 1.0;
				PRODUCT_BUNDLE_IDENTIFIER = ua.edu.ukma.nazar.MyRedditApp;
				PRODUCT_NAME = "$(TARGET_NAME)";
				SUPPORTED_PLATFORMS = "iphoneos iphonesimulator";
				SUPPORTS_MACCATALYST = NO;
				SUPPORTS_MAC_DESIGNED_FOR_IPHONE_IPAD = NO;
				SUPPORTS_XR_DESIGNED_FOR_IPHONE_IPAD = NO;
				SWIFT_EMIT_LOC_STRINGS = YES;
				SWIFT_VERSION = 5.0;
				TARGETED_DEVICE_FAMILY = 1;
			};
			name = Release;
		};
/* End XCBuildConfiguration section */

/* Begin XCConfigurationList section */
		1691683D2B7A9B6B000E780F /* Build configuration list for PBXProject "MyRedditApp" */ = {
			isa = XCConfigurationList;
			buildConfigurations = (
				169168542B7A9B6D000E780F /* Debug */,
				169168552B7A9B6D000E780F /* Release */,
			);
			defaultConfigurationIsVisible = 0;
			defaultConfigurationName = Release;
		};
		169168562B7A9B6D000E780F /* Build configuration list for PBXNativeTarget "MyRedditApp" */ = {
			isa = XCConfigurationList;
			buildConfigurations = (
				169168572B7A9B6D000E780F /* Debug */,
				169168582B7A9B6D000E780F /* Release */,
			);
			defaultConfigurationIsVisible = 0;
			defaultConfigurationName = Release;
		};
/* End XCConfigurationList section */

/* Begin XCRemoteSwiftPackageReference section */
		169168592B7A9C85000E780F /* XCRemoteSwiftPackageReference "SDWebImage" */ = {
			isa = XCRemoteSwiftPackageReference;
			repositoryURL = "https://github.com/SDWebImage/SDWebImage";
			requirement = {
				kind = upToNextMajorVersion;
				minimumVersion = 5.18.10;
			};
		};
/* End XCRemoteSwiftPackageReference section */

/* Begin XCSwiftPackageProductDependency section */
		1691685A2B7A9C85000E780F /* SDWebImage */ = {
			isa = XCSwiftPackageProductDependency;
			package = 169168592B7A9C85000E780F /* XCRemoteSwiftPackageReference "SDWebImage" */;
			productName = SDWebImage;
		};
		1691685C2B7A9C85000E780F /* SDWebImageMapKit */ = {
			isa = XCSwiftPackageProductDependency;
			package = 169168592B7A9C85000E780F /* XCRemoteSwiftPackageReference "SDWebImage" */;
			productName = SDWebImageMapKit;
		};
/* End XCSwiftPackageProductDependency section */
	};
	rootObject = 1691683A2B7A9B6B000E780F /* Project object */;
}
